{
  "name": "household_app",
  "version": "0.0.1",
  "lockfileVersion": 1,
  "requires": true,
  "dependencies": {
    "react-native-fcm": {
      "version": "15.0.0",
      "resolved": "https://registry.npmjs.org/react-native-fcm/-/react-native-fcm-15.0.0.tgz",
      "integrity": "sha512-SxqK8H0/4iqAjDeGoyIH1C1r/XHZ46V3C7ZAUqgjY++A+aswPMh4ObLkfCjxrtPMJyPEanlRhC1ZwHtaNyRp8Q=="
    }
  }
}
